
Microsoft Visual Studio Solution File, Format Version 12.00
# Visual Studio Version 17
VisualStudioVersion = 17.2.32616.157
MinimumVisualStudioVersion = 10.0.40219.1
Project("{9A19103F-16F7-4668-BE54-9A1E7A4F7556}") = "TBGestionStock.ASP", "TBGestionStock\TBGestionStock.ASP.csproj", "{8BB09F3A-CC20-4093-BE01-CA43C7687991}"
EndProject
Project("{FAE04EC0-301F-11D3-BF4B-00C04F79EFBC}") = "TBGestionStock.DAL", "TBGestionStock.DAL\TBGestionStock.DAL.csproj", "{55A8092F-DF0C-4666-A9A6-EB5798673A33}"
EndProject
Global
	GlobalSection(SolutionConfigurationPlatforms) = preSolution
		Debug|Any CPU = Debug|Any CPU
		Release|Any CPU = Release|Any CPU
	EndGlobalSection
	GlobalSection(ProjectConfigurationPlatforms) = postSolution
		{8BB09F3A-CC20-4093-BE01-CA43C7687991}.Debug|Any CPU.ActiveCfg = Debug|Any CPU
		{8BB09F3A-CC20-4093-BE01-CA43C7687991}.Debug|Any CPU.Build.0 = Debug|Any CPU
		{8BB09F3A-CC20-4093-BE01-CA43C7687991}.Release|Any CPU.ActiveCfg = Release|Any CPU
		{8BB09F3A-CC20-4093-BE01-CA43C7687991}.Release|Any CPU.Build.0 = Release|Any CPU
		{55A8092F-DF0C-4666-A9A6-EB5798673A33}.Debug|Any CPU.ActiveCfg = Debug|Any CPU
		{55A8092F-DF0C-4666-A9A6-EB5798673A33}.Debug|Any CPU.Build.0 = Debug|Any CPU
		{55A8092F-DF0C-4666-A9A6-EB5798673A33}.Release|Any CPU.ActiveCfg = Release|Any CPU
		{55A8092F-DF0C-4666-A9A6-EB5798673A33}.Release|Any CPU.Build.0 = Release|Any CPU
	EndGlobalSection
	GlobalSection(SolutionProperties) = preSolution
		HideSolutionNode = FALSE
	EndGlobalSection
	GlobalSection(ExtensibilityGlobals) = postSolution
		SolutionGuid = {5C713693-10BA-4696-B45B-D792400E52E8}
	EndGlobalSection
EndGlobal
